
Microsoft Visual Studio Solution File, Format Version 12.00
# Visual Studio Version 16
VisualStudioVersion = 16.0.31624.102
MinimumVisualStudioVersion = 10.0.40219.1
Project("{FAE04EC0-301F-11D3-BF4B-00C04F79EFBC}") = "TutorialEntityFrameWorkCore", "TutorialEntityFrameWorkCore.csproj", "{A8F89DAB-D825-403B-A8BD-37068AFB880F}"
EndProject
Global
	GlobalSection(SolutionConfigurationPlatforms) = preSolution
		Debug|Any CPU = Debug|Any CPU
		Release|Any CPU = Release|Any CPU
	EndGlobalSection
	GlobalSection(ProjectConfigurationPlatforms) = postSolution
		{A8F89DAB-D825-403B-A8BD-37068AFB880F}.Debug|Any CPU.ActiveCfg = Debug|Any CPU
		{A8F89DAB-D825-403B-A8BD-37068AFB880F}.Debug|Any CPU.Build.0 = Debug|Any CPU
		{A8F89DAB-D825-403B-A8BD-37068AFB880F}.Release|Any CPU.ActiveCfg = Release|Any CPU
		{A8F89DAB-D825-403B-A8BD-37068AFB880F}.Release|Any CPU.Build.0 = Release|Any CPU
	EndGlobalSection
	GlobalSection(SolutionProperties) = preSolution
		HideSolutionNode = FALSE
	EndGlobalSection
	GlobalSection(ExtensibilityGlobals) = postSolution
		SolutionGuid = {C98D85A6-72D9-47DD-8525-EDE57898CB40}
	EndGlobalSection
EndGlobal
